
Microsoft Visual Studio Solution File, Format Version 12.00
Project("{FAE04EC0-301F-11D3-BF4B-00C04F79EFBC}") = "Contacts", "Contacts.csproj", "{300D68D7-C6ED-4FB6-8387-6ECE80CFE236}"
EndProject
Global
	GlobalSection(SolutionConfigurationPlatforms) = preSolution
		Debug|Any CPU = Debug|Any CPU
		Release|Any CPU = Release|Any CPU
	EndGlobalSection
	GlobalSection(ProjectConfigurationPlatforms) = postSolution
		{300D68D7-C6ED-4FB6-8387-6ECE80CFE236}.Debug|Any CPU.ActiveCfg = Debug|Any CPU
		{300D68D7-C6ED-4FB6-8387-6ECE80CFE236}.Debug|Any CPU.Build.0 = Debug|Any CPU
		{300D68D7-C6ED-4FB6-8387-6ECE80CFE236}.Release|Any CPU.ActiveCfg = Release|Any CPU
		{300D68D7-C6ED-4FB6-8387-6ECE80CFE236}.Release|Any CPU.Build.0 = Release|Any CPU
	EndGlobalSection
EndGlobal
